
Microsoft Visual Studio Solution File, Format Version 12.00
# Visual Studio 15
VisualStudioVersion = 15.0.26730.12
MinimumVisualStudioVersion = 10.0.40219.1
Project("{9A19103F-16F7-4668-BE54-9A1E7A4F7556}") = "MT.SJAlpha.Web", "MT.SJAlpha.Web\MT.SJAlpha.Web.csproj", "{5F041BDD-FB31-455B-A3FE-D696FFE21EBE}"
EndProject
Project("{9A19103F-16F7-4668-BE54-9A1E7A4F7556}") = "MT.SJAlpha.EFCoreCodeFirst", "MT.SJAlpha.EFCoreCodeFirst\MT.SJAlpha.EFCoreCodeFirst.csproj", "{B0C8D7F0-8D20-4BA2-B13B-37C24A4B645F}"
EndProject
Project("{9A19103F-16F7-4668-BE54-9A1E7A4F7556}") = "MT.SJAlpha.Admin", "MT.SJAlpha.Admin\MT.SJAlpha.Admin.csproj", "{3C78AE1A-0BCD-409D-A323-52F39E22F97D}"
EndProject
Project("{9A19103F-16F7-4668-BE54-9A1E7A4F7556}") = "MT.Core.Common", "MT.Core.Common\MT.Core.Common.csproj", "{B59EA033-C135-4796-93BC-9FBBE4D313CB}"
EndProject
Project("{FAE04EC0-301F-11D3-BF4B-00C04F79EFBC}") = "aliyun-net-sdk-core", "SDK\api_sdk\aliyun-net-sdk-core\aliyun-net-sdk-core.csproj", "{BB84CECB-295D-4772-A669-3726E511CCFA}"
EndProject
Project("{FAE04EC0-301F-11D3-BF4B-00C04F79EFBC}") = "aliyun-net-sdk-dysmsapi", "SDK\api_sdk\aliyun-net-sdk-dysmsapi\aliyun-net-sdk-dysmsapi.csproj", "{5012802C-DA46-44C8-8F40-741022E5BBD7}"
EndProject
Global
	GlobalSection(SolutionConfigurationPlatforms) = preSolution
		Debug|Any CPU = Debug|Any CPU
		Release|Any CPU = Release|Any CPU
	EndGlobalSection
	GlobalSection(ProjectConfigurationPlatforms) = postSolution
		{5F041BDD-FB31-455B-A3FE-D696FFE21EBE}.Debug|Any CPU.ActiveCfg = Debug|Any CPU
		{5F041BDD-FB31-455B-A3FE-D696FFE21EBE}.Debug|Any CPU.Build.0 = Debug|Any CPU
		{5F041BDD-FB31-455B-A3FE-D696FFE21EBE}.Release|Any CPU.ActiveCfg = Release|Any CPU
		{5F041BDD-FB31-455B-A3FE-D696FFE21EBE}.Release|Any CPU.Build.0 = Release|Any CPU
		{B0C8D7F0-8D20-4BA2-B13B-37C24A4B645F}.Debug|Any CPU.ActiveCfg = Debug|Any CPU
		{B0C8D7F0-8D20-4BA2-B13B-37C24A4B645F}.Debug|Any CPU.Build.0 = Debug|Any CPU
		{B0C8D7F0-8D20-4BA2-B13B-37C24A4B645F}.Release|Any CPU.ActiveCfg = Release|Any CPU
		{B0C8D7F0-8D20-4BA2-B13B-37C24A4B645F}.Release|Any CPU.Build.0 = Release|Any CPU
		{3C78AE1A-0BCD-409D-A323-52F39E22F97D}.Debug|Any CPU.ActiveCfg = Debug|Any CPU
		{3C78AE1A-0BCD-409D-A323-52F39E22F97D}.Debug|Any CPU.Build.0 = Debug|Any CPU
		{3C78AE1A-0BCD-409D-A323-52F39E22F97D}.Release|Any CPU.ActiveCfg = Release|Any CPU
		{3C78AE1A-0BCD-409D-A323-52F39E22F97D}.Release|Any CPU.Build.0 = Release|Any CPU
		{B59EA033-C135-4796-93BC-9FBBE4D313CB}.Debug|Any CPU.ActiveCfg = Debug|Any CPU
		{B59EA033-C135-4796-93BC-9FBBE4D313CB}.Debug|Any CPU.Build.0 = Debug|Any CPU
		{B59EA033-C135-4796-93BC-9FBBE4D313CB}.Release|Any CPU.ActiveCfg = Release|Any CPU
		{B59EA033-C135-4796-93BC-9FBBE4D313CB}.Release|Any CPU.Build.0 = Release|Any CPU
		{BB84CECB-295D-4772-A669-3726E511CCFA}.Debug|Any CPU.ActiveCfg = Debug|Any CPU
		{BB84CECB-295D-4772-A669-3726E511CCFA}.Debug|Any CPU.Build.0 = Debug|Any CPU
		{BB84CECB-295D-4772-A669-3726E511CCFA}.Release|Any CPU.ActiveCfg = Release|Any CPU
		{BB84CECB-295D-4772-A669-3726E511CCFA}.Release|Any CPU.Build.0 = Release|Any CPU
		{5012802C-DA46-44C8-8F40-741022E5BBD7}.Debug|Any CPU.ActiveCfg = Debug|Any CPU
		{5012802C-DA46-44C8-8F40-741022E5BBD7}.Debug|Any CPU.Build.0 = Debug|Any CPU
		{5012802C-DA46-44C8-8F40-741022E5BBD7}.Release|Any CPU.ActiveCfg = Release|Any CPU
		{5012802C-DA46-44C8-8F40-741022E5BBD7}.Release|Any CPU.Build.0 = Release|Any CPU
	EndGlobalSection
	GlobalSection(SolutionProperties) = preSolution
		HideSolutionNode = FALSE
	EndGlobalSection
	GlobalSection(ExtensibilityGlobals) = postSolution
		SolutionGuid = {F75B8625-A39B-45F5-8D49-B45A3C836D70}
	EndGlobalSection
EndGlobal
